
Microsoft Visual Studio Solution File, Format Version 12.00
# Visual Studio Version 16
VisualStudioVersion = 16.0.30711.63
MinimumVisualStudioVersion = 10.0.40219.1
Project("{9A19103F-16F7-4668-BE54-9A1E7A4F7556}") = "Othello.Shared", "Othello.Shared\Othello.Shared.csproj", "{0CE7A290-60F0-4BA4-A7EE-A9A18BBCB5BE}"
EndProject
Project("{F184B08F-C81C-45F6-A57F-5ABD9991F28F}") = "Othello.WinForm", "Othllo.WinForm\Othello.WinForm.vbproj", "{E6A38AB4-A63A-4A6E-92B1-53AF1873D59A}"
EndProject
Project("{9A19103F-16F7-4668-BE54-9A1E7A4F7556}") = "Othello.Blazor.Server", "Othello.Blazor\Server\Othello.Blazor.Server.csproj", "{B6E64F91-2781-48D9-8BE9-2E55B5A1CD49}"
EndProject
Project("{9A19103F-16F7-4668-BE54-9A1E7A4F7556}") = "Othello.Blazor.Client", "Othello.Blazor\Client\Othello.Blazor.Client.csproj", "{097D9F70-295C-4AA7-8743-CAED24E233C8}"
EndProject
Project("{9A19103F-16F7-4668-BE54-9A1E7A4F7556}") = "Othello.Blazor.Shared", "Othello.Blazor\Shared\Othello.Blazor.Shared.csproj", "{CC6250BD-3766-42C6-A63D-3F719AB6EEA1}"
EndProject
Project("{FAE04EC0-301F-11D3-BF4B-00C04F79EFBC}") = "OthelloAI", "OthelloAI\OthelloAI.csproj", "{89D49A33-2E6F-4436-880C-7465E1C41FF7}"
EndProject
Global
	GlobalSection(SolutionConfigurationPlatforms) = preSolution
		Debug|Any CPU = Debug|Any CPU
		Release|Any CPU = Release|Any CPU
	EndGlobalSection
	GlobalSection(ProjectConfigurationPlatforms) = postSolution
		{0CE7A290-60F0-4BA4-A7EE-A9A18BBCB5BE}.Debug|Any CPU.ActiveCfg = Debug|Any CPU
		{0CE7A290-60F0-4BA4-A7EE-A9A18BBCB5BE}.Debug|Any CPU.Build.0 = Debug|Any CPU
		{0CE7A290-60F0-4BA4-A7EE-A9A18BBCB5BE}.Release|Any CPU.ActiveCfg = Release|Any CPU
		{0CE7A290-60F0-4BA4-A7EE-A9A18BBCB5BE}.Release|Any CPU.Build.0 = Release|Any CPU
		{E6A38AB4-A63A-4A6E-92B1-53AF1873D59A}.Debug|Any CPU.ActiveCfg = Debug|Any CPU
		{E6A38AB4-A63A-4A6E-92B1-53AF1873D59A}.Debug|Any CPU.Build.0 = Debug|Any CPU
		{E6A38AB4-A63A-4A6E-92B1-53AF1873D59A}.Release|Any CPU.ActiveCfg = Release|Any CPU
		{E6A38AB4-A63A-4A6E-92B1-53AF1873D59A}.Release|Any CPU.Build.0 = Release|Any CPU
		{B6E64F91-2781-48D9-8BE9-2E55B5A1CD49}.Debug|Any CPU.ActiveCfg = Debug|Any CPU
		{B6E64F91-2781-48D9-8BE9-2E55B5A1CD49}.Debug|Any CPU.Build.0 = Debug|Any CPU
		{B6E64F91-2781-48D9-8BE9-2E55B5A1CD49}.Release|Any CPU.ActiveCfg = Release|Any CPU
		{B6E64F91-2781-48D9-8BE9-2E55B5A1CD49}.Release|Any CPU.Build.0 = Release|Any CPU
		{097D9F70-295C-4AA7-8743-CAED24E233C8}.Debug|Any CPU.ActiveCfg = Debug|Any CPU
		{097D9F70-295C-4AA7-8743-CAED24E233C8}.Debug|Any CPU.Build.0 = Debug|Any CPU
		{097D9F70-295C-4AA7-8743-CAED24E233C8}.Release|Any CPU.ActiveCfg = Release|Any CPU
		{097D9F70-295C-4AA7-8743-CAED24E233C8}.Release|Any CPU.Build.0 = Release|Any CPU
		{CC6250BD-3766-42C6-A63D-3F719AB6EEA1}.Debug|Any CPU.ActiveCfg = Debug|Any CPU
		{CC6250BD-3766-42C6-A63D-3F719AB6EEA1}.Debug|Any CPU.Build.0 = Debug|Any CPU
		{CC6250BD-3766-42C6-A63D-3F719AB6EEA1}.Release|Any CPU.ActiveCfg = Release|Any CPU
		{CC6250BD-3766-42C6-A63D-3F719AB6EEA1}.Release|Any CPU.Build.0 = Release|Any CPU
		{89D49A33-2E6F-4436-880C-7465E1C41FF7}.Debug|Any CPU.ActiveCfg = Debug|Any CPU
		{89D49A33-2E6F-4436-880C-7465E1C41FF7}.Debug|Any CPU.Build.0 = Debug|Any CPU
		{89D49A33-2E6F-4436-880C-7465E1C41FF7}.Release|Any CPU.ActiveCfg = Release|Any CPU
		{89D49A33-2E6F-4436-880C-7465E1C41FF7}.Release|Any CPU.Build.0 = Release|Any CPU
	EndGlobalSection
	GlobalSection(SolutionProperties) = preSolution
		HideSolutionNode = FALSE
	EndGlobalSection
	GlobalSection(ExtensibilityGlobals) = postSolution
		SolutionGuid = {819D21B6-55D7-4D64-8F12-AC4AFABA73B1}
	EndGlobalSection
EndGlobal
